
Microsoft Visual Studio Solution File, Format Version 12.00
# Visual Studio Version 17
VisualStudioVersion = 17.4.33213.308
MinimumVisualStudioVersion = 10.0.40219.1
Project("{2150E333-8FDC-42A3-9474-1A3956D46DE8}") = "Src", "Src", "{C2837FF6-A271-49A9-B04B-8945300C6E31}"
EndProject
Project("{2150E333-8FDC-42A3-9474-1A3956D46DE8}") = "Test", "Test", "{4FEED05A-2BF6-410B-9BC9-4C3E99E0167E}"
EndProject
Project("{2150E333-8FDC-42A3-9474-1A3956D46DE8}") = "Api", "Api", "{8DF1FBFE-6AB2-4445-B91B-3919B2539180}"
EndProject
Project("{2150E333-8FDC-42A3-9474-1A3956D46DE8}") = "Core", "Core", "{F23C91D2-8B2B-4131-A430-17CDBA46655A}"
EndProject
Project("{2150E333-8FDC-42A3-9474-1A3956D46DE8}") = "Infrastructure", "Infrastructure", "{2DF4FF6C-73B6-4618-B062-B92A13E03534}"
EndProject
Project("{2150E333-8FDC-42A3-9474-1A3956D46DE8}") = "UI", "UI", "{38DD8311-AAAA-44F2-B508-4143FB6EF041}"
EndProject
Project("{9A19103F-16F7-4668-BE54-9A1E7A4F7556}") = "LeaveManagement.Api", "LeaveManagement.Api\LeaveManagement.Api.csproj", "{FAD8DF70-914F-4FD3-93E7-53FA8DF67E71}"
EndProject
Project("{9A19103F-16F7-4668-BE54-9A1E7A4F7556}") = "LeaveManagement.Application", "LeaveManagement.Application\LeaveManagement.Application.csproj", "{1A45256A-D636-4A50-8639-51461107D161}"
EndProject
Project("{9A19103F-16F7-4668-BE54-9A1E7A4F7556}") = "LeaveManagement.Domain", "LeaveManagement.Domain\LeaveManagement.Domain.csproj", "{015EE6D5-7628-467D-B038-BB8FF86270D9}"
EndProject
Project("{9A19103F-16F7-4668-BE54-9A1E7A4F7556}") = "LeaveManagement.Infrastructure", "HRLeaveManagement.Infrastructure\LeaveManagement.Infrastructure.csproj", "{A6BA8E2D-C370-4687-87F2-0701AB41AF56}"
EndProject
Project("{9A19103F-16F7-4668-BE54-9A1E7A4F7556}") = "LeaveManagement.Presistence", "HRLeaveManagement.Presistence\LeaveManagement.Presistence.csproj", "{B71C2F95-3503-4308-AC40-5DF19C71E668}"
EndProject
Project("{9A19103F-16F7-4668-BE54-9A1E7A4F7556}") = "LeaveManagement.Mvc", "LeaveManagement.Mvc\LeaveManagement.Mvc.csproj", "{3C2F6034-D6B4-437E-BCA3-469B927156B3}"
EndProject
Project("{9A19103F-16F7-4668-BE54-9A1E7A4F7556}") = "LeaveManagement.Identity", "LeaveManagement.Identity\LeaveManagement.Identity.csproj", "{A9860034-EF98-4BA6-89D2-E579ADA58ED1}"
EndProject
Global
	GlobalSection(SolutionConfigurationPlatforms) = preSolution
		Debug|Any CPU = Debug|Any CPU
		Release|Any CPU = Release|Any CPU
	EndGlobalSection
	GlobalSection(ProjectConfigurationPlatforms) = postSolution
		{FAD8DF70-914F-4FD3-93E7-53FA8DF67E71}.Debug|Any CPU.ActiveCfg = Debug|Any CPU
		{FAD8DF70-914F-4FD3-93E7-53FA8DF67E71}.Debug|Any CPU.Build.0 = Debug|Any CPU
		{FAD8DF70-914F-4FD3-93E7-53FA8DF67E71}.Release|Any CPU.ActiveCfg = Release|Any CPU
		{FAD8DF70-914F-4FD3-93E7-53FA8DF67E71}.Release|Any CPU.Build.0 = Release|Any CPU
		{1A45256A-D636-4A50-8639-51461107D161}.Debug|Any CPU.ActiveCfg = Debug|Any CPU
		{1A45256A-D636-4A50-8639-51461107D161}.Debug|Any CPU.Build.0 = Debug|Any CPU
		{1A45256A-D636-4A50-8639-51461107D161}.Release|Any CPU.ActiveCfg = Release|Any CPU
		{1A45256A-D636-4A50-8639-51461107D161}.Release|Any CPU.Build.0 = Release|Any CPU
		{015EE6D5-7628-467D-B038-BB8FF86270D9}.Debug|Any CPU.ActiveCfg = Debug|Any CPU
		{015EE6D5-7628-467D-B038-BB8FF86270D9}.Debug|Any CPU.Build.0 = Debug|Any CPU
		{015EE6D5-7628-467D-B038-BB8FF86270D9}.Release|Any CPU.ActiveCfg = Release|Any CPU
		{015EE6D5-7628-467D-B038-BB8FF86270D9}.Release|Any CPU.Build.0 = Release|Any CPU
		{A6BA8E2D-C370-4687-87F2-0701AB41AF56}.Debug|Any CPU.ActiveCfg = Debug|Any CPU
		{A6BA8E2D-C370-4687-87F2-0701AB41AF56}.Debug|Any CPU.Build.0 = Debug|Any CPU
		{A6BA8E2D-C370-4687-87F2-0701AB41AF56}.Release|Any CPU.ActiveCfg = Release|Any CPU
		{A6BA8E2D-C370-4687-87F2-0701AB41AF56}.Release|Any CPU.Build.0 = Release|Any CPU
		{B71C2F95-3503-4308-AC40-5DF19C71E668}.Debug|Any CPU.ActiveCfg = Debug|Any CPU
		{B71C2F95-3503-4308-AC40-5DF19C71E668}.Debug|Any CPU.Build.0 = Debug|Any CPU
		{B71C2F95-3503-4308-AC40-5DF19C71E668}.Release|Any CPU.ActiveCfg = Release|Any CPU
		{B71C2F95-3503-4308-AC40-5DF19C71E668}.Release|Any CPU.Build.0 = Release|Any CPU
		{3C2F6034-D6B4-437E-BCA3-469B927156B3}.Debug|Any CPU.ActiveCfg = Debug|Any CPU
		{3C2F6034-D6B4-437E-BCA3-469B927156B3}.Debug|Any CPU.Build.0 = Debug|Any CPU
		{3C2F6034-D6B4-437E-BCA3-469B927156B3}.Release|Any CPU.ActiveCfg = Release|Any CPU
		{3C2F6034-D6B4-437E-BCA3-469B927156B3}.Release|Any CPU.Build.0 = Release|Any CPU
		{A9860034-EF98-4BA6-89D2-E579ADA58ED1}.Debug|Any CPU.ActiveCfg = Debug|Any CPU
		{A9860034-EF98-4BA6-89D2-E579ADA58ED1}.Debug|Any CPU.Build.0 = Debug|Any CPU
		{A9860034-EF98-4BA6-89D2-E579ADA58ED1}.Release|Any CPU.ActiveCfg = Release|Any CPU
		{A9860034-EF98-4BA6-89D2-E579ADA58ED1}.Release|Any CPU.Build.0 = Release|Any CPU
	EndGlobalSection
	GlobalSection(SolutionProperties) = preSolution
		HideSolutionNode = FALSE
	EndGlobalSection
	GlobalSection(NestedProjects) = preSolution
		{8DF1FBFE-6AB2-4445-B91B-3919B2539180} = {C2837FF6-A271-49A9-B04B-8945300C6E31}
		{F23C91D2-8B2B-4131-A430-17CDBA46655A} = {C2837FF6-A271-49A9-B04B-8945300C6E31}
		{2DF4FF6C-73B6-4618-B062-B92A13E03534} = {C2837FF6-A271-49A9-B04B-8945300C6E31}
		{38DD8311-AAAA-44F2-B508-4143FB6EF041} = {C2837FF6-A271-49A9-B04B-8945300C6E31}
		{FAD8DF70-914F-4FD3-93E7-53FA8DF67E71} = {8DF1FBFE-6AB2-4445-B91B-3919B2539180}
		{1A45256A-D636-4A50-8639-51461107D161} = {F23C91D2-8B2B-4131-A430-17CDBA46655A}
		{015EE6D5-7628-467D-B038-BB8FF86270D9} = {F23C91D2-8B2B-4131-A430-17CDBA46655A}
		{A6BA8E2D-C370-4687-87F2-0701AB41AF56} = {2DF4FF6C-73B6-4618-B062-B92A13E03534}
		{B71C2F95-3503-4308-AC40-5DF19C71E668} = {2DF4FF6C-73B6-4618-B062-B92A13E03534}
		{3C2F6034-D6B4-437E-BCA3-469B927156B3} = {38DD8311-AAAA-44F2-B508-4143FB6EF041}
		{A9860034-EF98-4BA6-89D2-E579ADA58ED1} = {2DF4FF6C-73B6-4618-B062-B92A13E03534}
	EndGlobalSection
	GlobalSection(ExtensibilityGlobals) = postSolution
		SolutionGuid = {AB1725CA-864B-417C-AF16-4455CC2BEDF3}
	EndGlobalSection
EndGlobal
